// !$*UTF8*$!
{
	archiveVersion = 1;
	classes = {
	};
	objectVersion = 46;
	objects = {

/* Begin PBXBuildFile section */
		9A2B372F1E98EDBB00AB0B4C /* AppDelegate.swift in Sources */ = {isa = PBXBuildFile; fileRef = 9A2B372E1E98EDBB00AB0B4C /* AppDelegate.swift */; };
		9A2B37311E98EDBB00AB0B4C /* ViewController.swift in Sources */ = {isa = PBXBuildFile; fileRef = 9A2B37301E98EDBB00AB0B4C /* ViewController.swift */; };
		9A2B37341E98EDBB00AB0B4C /* Main.storyboard in Resources */ = {isa = PBXBuildFile; fileRef = 9A2B37321E98EDBB00AB0B4C /* Main.storyboard */; };
		9A2B37371E98EDBB00AB0B4C /* hellovault.xcdatamodeld in Sources */ = {isa = PBXBuildFile; fileRef = 9A2B37351E98EDBB00AB0B4C /* hellovault.xcdatamodeld */; };
		9A2B37391E98EDBB00AB0B4C /* Assets.xcassets in Resources */ = {isa = PBXBuildFile; fileRef = 9A2B37381E98EDBB00AB0B4C /* Assets.xcassets */; };
		9A2B373C1E98EDBB00AB0B4C /* LaunchScreen.storyboard in Resources */ = {isa = PBXBuildFile; fileRef = 9A2B373A1E98EDBB00AB0B4C /* LaunchScreen.storyboard */; };
		9A2B37471E98EDBB00AB0B4C /* hellovaultTests.swift in Sources */ = {isa = PBXBuildFile; fileRef = 9A2B37461E98EDBB00AB0B4C /* hellovaultTests.swift */; };
		9A2B37521E98EDBB00AB0B4C /* hellovaultUITests.swift in Sources */ = {isa = PBXBuildFile; fileRef = 9A2B37511E98EDBB00AB0B4C /* hellovaultUITests.swift */; };
/* End PBXBuildFile section */

/* Begin PBXContainerItemProxy section */
		9A2B37431E98EDBB00AB0B4C /* PBXContainerItemProxy */ = {
			isa = PBXContainerItemProxy;
			containerPortal = 9A2B37231E98EDBB00AB0B4C /* Project object */;
			proxyType = 1;
			remoteGlobalIDString = 9A2B372A1E98EDBB00AB0B4C;
			remoteInfo = hellovault;
		};
		9A2B374E1E98EDBB00AB0B4C /* PBXContainerItemProxy */ = {
			isa = PBXContainerItemProxy;
			containerPortal = 9A2B37231E98EDBB00AB0B4C /* Project object */;
			proxyType = 1;
			remoteGlobalIDString = 9A2B372A1E98EDBB00AB0B4C;
			remoteInfo = hellovault;
		};
/* End PBXContainerItemProxy section */

/* Begin PBXFileReference section */
		9A2B372B1E98EDBB00AB0B4C /* hellovault.app */ = {isa = PBXFileReference; explicitFileType = wrapper.application; includeInIndex = 0; path = hellovault.app; sourceTree = BUILT_PRODUCTS_DIR; };
		9A2B372E1E98EDBB00AB0B4C /* AppDelegate.swift */ = {isa = PBXFileReference; lastKnownFileType = sourcecode.swift; path = AppDelegate.swift; sourceTree = "<group>"; };
		9A2B37301E98EDBB00AB0B4C /* ViewController.swift */ = {isa = PBXFileReference; lastKnownFileType = sourcecode.swift; path = ViewController.swift; sourceTree = "<group>"; };
		9A2B37331E98EDBB00AB0B4C /* Base */ = {isa = PBXFileReference; lastKnownFileType = file.storyboard; name = Base; path = Base.lproj/Main.storyboard; sourceTree = "<group>"; };
		9A2B37361E98EDBB00AB0B4C /* hellovault.xcdatamodel */ = {isa = PBXFileReference; lastKnownFileType = wrapper.xcdatamodel; path = hellovault.xcdatamodel; sourceTree = "<group>"; };
		9A2B37381E98EDBB00AB0B4C /* Assets.xcassets */ = {isa = PBXFileReference; lastKnownFileType = folder.assetcatalog; path = Assets.xcassets; sourceTree = "<group>"; };
		9A2B373B1E98EDBB00AB0B4C /* Base */ = {isa = PBXFileReference; lastKnownFileType = file.storyboard; name = Base; path = Base.lproj/LaunchScreen.storyboard; sourceTree = "<group>"; };
		9A2B373D1E98EDBB00AB0B4C /* Info.plist */ = {isa = PBXFileReference; lastKnownFileType = text.plist.xml; path = Info.plist; sourceTree = "<group>"; };
		9A2B37421E98EDBB00AB0B4C /* hellovaultTests.xctest */ = {isa = PBXFileReference; explicitFileType = wrapper.cfbundle; includeInIndex = 0; path = hellovaultTests.xctest; sourceTree = BUILT_PRODUCTS_DIR; };
		9A2B37461E98EDBB00AB0B4C /* hellovaultTests.swift */ = {isa = PBXFileReference; lastKnownFileType = sourcecode.swift; path = hellovaultTests.swift; sourceTree = "<group>"; };
		9A2B37481E98EDBB00AB0B4C /* Info.plist */ = {isa = PBXFileReference; lastKnownFileType = text.plist.xml; path = Info.plist; sourceTree = "<group>"; };
		9A2B374D1E98EDBB00AB0B4C /* hellovaultUITests.xctest */ = {isa = PBXFileReference; explicitFileType = wrapper.cfbundle; includeInIndex = 0; path = hellovaultUITests.xctest; sourceTree = BUILT_PRODUCTS_DIR; };
		9A2B37511E98EDBB00AB0B4C /* hellovaultUITests.swift */ = {isa = PBXFileReference; lastKnownFileType = sourcecode.swift; path = hellovaultUITests.swift; sourceTree = "<group>"; };
		9A2B37531E98EDBB00AB0B4C /* Info.plist */ = {isa = PBXFileReference; lastKnownFileType = text.plist.xml; path = Info.plist; sourceTree = "<group>"; };
/* End PBXFileReference section */

/* Begin PBXFrameworksBuildPhase section */
		9A2B37281E98EDBB00AB0B4C /* Frameworks */ = {
			isa = PBXFrameworksBuildPhase;
			buildActionMask = 2147483647;
			files = (
			);
			runOnlyForDeploymentPostprocessing = 0;
		};
		9A2B373F1E98EDBB00AB0B4C /* Frameworks */ = {
			isa = PBXFrameworksBuildPhase;
			buildActionMask = 2147483647;
			files = (
			);
			runOnlyForDeploymentPostprocessing = 0;
		};
		9A2B374A1E98EDBB00AB0B4C /* Frameworks */ = {
			isa = PBXFrameworksBuildPhase;
			buildActionMask = 2147483647;
			files = (
			);
			runOnlyForDeploymentPostprocessing = 0;
		};
/* End PBXFrameworksBuildPhase section */

/* Begin PBXGroup section */
		9A2B37221E98EDBB00AB0B4C = {
			isa = PBXGroup;
			children = (
				9A2B372D1E98EDBB00AB0B4C /* hellovault */,
				9A2B37451E98EDBB00AB0B4C /* hellovaultTests */,
				9A2B37501E98EDBB00AB0B4C /* hellovaultUITests */,
				9A2B372C1E98EDBB00AB0B4C /* Products */,
			);
			sourceTree = "<group>";
		};
		9A2B372C1E98EDBB00AB0B4C /* Products */ = {
			isa = PBXGroup;
			children = (
				9A2B372B1E98EDBB00AB0B4C /* hellovault.app */,
				9A2B37421E98EDBB00AB0B4C /* hellovaultTests.xctest */,
				9A2B374D1E98EDBB00AB0B4C /* hellovaultUITests.xctest */,
			);
			name = Products;
			sourceTree = "<group>";
		};
		9A2B372D1E98EDBB00AB0B4C /* hellovault */ = {
			isa = PBXGroup;
			children = (
				9A2B372E1E98EDBB00AB0B4C /* AppDelegate.swift */,
				9A2B37301E98EDBB00AB0B4C /* ViewController.swift */,
				9A2B37321E98EDBB00AB0B4C /* Main.storyboard */,
				9A2B37381E98EDBB00AB0B4C /* Assets.xcassets */,
				9A2B373A1E98EDBB00AB0B4C /* LaunchScreen.storyboard */,
				9A2B373D1E98EDBB00AB0B4C /* Info.plist */,
				9A2B37351E98EDBB00AB0B4C /* hellovault.xcdatamodeld */,
			);
			path = hellovault;
			sourceTree = "<group>";
		};
		9A2B37451E98EDBB00AB0B4C /* hellovaultTests */ = {
			isa = PBXGroup;
			children = (
				9A2B37461E98EDBB00AB0B4C /* hellovaultTests.swift */,
				9A2B37481E98EDBB00AB0B4C /* Info.plist */,
			);
			path = hellovaultTests;
			sourceTree = "<group>";
		};
		9A2B37501E98EDBB00AB0B4C /* hellovaultUITests */ = {
			isa = PBXGroup;
			children = (
				9A2B37511E98EDBB00AB0B4C /* hellovaultUITests.swift */,
				9A2B37531E98EDBB00AB0B4C /* Info.plist */,
			);
			path = hellovaultUITests;
			sourceTree = "<group>";
		};
/* End PBXGroup section */

/* Begin PBXNativeTarget section */
		9A2B372A1E98EDBB00AB0B4C /* hellovault */ = {
			isa = PBXNativeTarget;
			buildConfigurationList = 9A2B37561E98EDBB00AB0B4C /* Build configuration list for PBXNativeTarget "hellovault" */;
			buildPhases = (
				9A2B37271E98EDBB00AB0B4C /* Sources */,
				9A2B37281E98EDBB00AB0B4C /* Frameworks */,
				9A2B37291E98EDBB00AB0B4C /* Resources */,
			);
			buildRules = (
			);
			dependencies = (
			);
			name = hellovault;
			productName = hellovault;
			productReference = 9A2B372B1E98EDBB00AB0B4C /* hellovault.app */;
			productType = "com.apple.product-type.application";
		};
		9A2B37411E98EDBB00AB0B4C /* hellovaultTests */ = {
			isa = PBXNativeTarget;
			buildConfigurationList = 9A2B37591E98EDBB00AB0B4C /* Build configuration list for PBXNativeTarget "hellovaultTests" */;
			buildPhases = (
				9A2B373E1E98EDBB00AB0B4C /* Sources */,
				9A2B373F1E98EDBB00AB0B4C /* Frameworks */,
				9A2B37401E98EDBB00AB0B4C /* Resources */,
			);
			buildRules = (
			);
			dependencies = (
				9A2B37441E98EDBB00AB0B4C /* PBXTargetDependency */,
			);
			name = hellovaultTests;
			productName = hellovaultTests;
			productReference = 9A2B37421E98EDBB00AB0B4C /* hellovaultTests.xctest */;
			productType = "com.apple.product-type.bundle.unit-test";
		};
		9A2B374C1E98EDBB00AB0B4C /* hellovaultUITests */ = {
			isa = PBXNativeTarget;
			buildConfigurationList = 9A2B375C1E98EDBB00AB0B4C /* Build configuration list for PBXNativeTarget "hellovaultUITests" */;
			buildPhases = (
				9A2B37491E98EDBB00AB0B4C /* Sources */,
				9A2B374A1E98EDBB00AB0B4C /* Frameworks */,
				9A2B374B1E98EDBB00AB0B4C /* Resources */,
			);
			buildRules = (
			);
			dependencies = (
				9A2B374F1E98EDBB00AB0B4C /* PBXTargetDependency */,
			);
			name = hellovaultUITests;
			productName = hellovaultUITests;
			productReference = 9A2B374D1E98EDBB00AB0B4C /* hellovaultUITests.xctest */;
			productType = "com.apple.product-type.bundle.ui-testing";
		};
/* End PBXNativeTarget section */

/* Begin PBXProject section */
		9A2B37231E98EDBB00AB0B4C /* Project object */ = {
			isa = PBXProject;
			attributes = {
				LastSwiftUpdateCheck = 0830;
				LastUpgradeCheck = 0830;
				ORGANIZATIONNAME = "Vichar Nuchsiri";
				TargetAttributes = {
					9A2B372A1E98EDBB00AB0B4C = {
						CreatedOnToolsVersion = 8.3;
						DevelopmentTeam = 987EBP9242;
						ProvisioningStyle = Automatic;
					};
					9A2B37411E98EDBB00AB0B4C = {
						CreatedOnToolsVersion = 8.3;
						DevelopmentTeam = 987EBP9242;
						ProvisioningStyle = Automatic;
						TestTargetID = 9A2B372A1E98EDBB00AB0B4C;
					};
					9A2B374C1E98EDBB00AB0B4C = {
						CreatedOnToolsVersion = 8.3;
						DevelopmentTeam = 987EBP9242;
						ProvisioningStyle = Automatic;
						TestTargetID = 9A2B372A1E98EDBB00AB0B4C;
					};
				};
			};
			buildConfigurationList = 9A2B37261E98EDBB00AB0B4C /* Build configuration list for PBXProject "hellovault" */;
			compatibilityVersion = "Xcode 3.2";
			developmentRegion = English;
			hasScannedForEncodings = 0;
			knownRegions = (
				en,
				Base,
			);
			mainGroup = 9A2B37221E98EDBB00AB0B4C;
			productRefGroup = 9A2B372C1E98EDBB00AB0B4C /* Products */;
			projectDirPath = "";
			projectRoot = "";
			targets = (
				9A2B372A1E98EDBB00AB0B4C /* hellovault */,
				9A2B37411E98EDBB00AB0B4C /* hellovaultTests */,
				9A2B374C1E98EDBB00AB0B4C /* hellovaultUITests */,
			);
		};
/* End PBXProject section */

/* Begin PBXResourcesBuildPhase section */
		9A2B37291E98EDBB00AB0B4C /* Resources */ = {
			isa = PBXResourcesBuildPhase;
			buildActionMask = 2147483647;
			files = (
				9A2B373C1E98EDBB00AB0B4C /* LaunchScreen.storyboard in Resources */,
				9A2B37391E98EDBB00AB0B4C /* Assets.xcassets in Resources */,
				9A2B37341E98EDBB00AB0B4C /* Main.storyboard in Resources */,
			);
			runOnlyForDeploymentPostprocessing = 0;
		};
		9A2B37401E98EDBB00AB0B4C /* Resources */ = {
			isa = PBXResourcesBuildPhase;
			buildActionMask = 2147483647;
			files = (
			);
			runOnlyForDeploymentPostprocessing = 0;
		};
		9A2B374B1E98EDBB00AB0B4C /* Resources */ = {
			isa = PBXResourcesBuildPhase;
			buildActionMask = 2147483647;
			files = (
			);
			runOnlyForDeploymentPostprocessing = 0;
		};
/* End PBXResourcesBuildPhase section */

/* Begin PBXSourcesBuildPhase section */
		9A2B37271E98EDBB00AB0B4C /* Sources */ = {
			isa = PBXSourcesBuildPhase;
			buildActionMask = 2147483647;
			files = (
				9A2B37371E98EDBB00AB0B4C /* hellovault.xcdatamodeld in Sources */,
				9A2B37311E98EDBB00AB0B4C /* ViewController.swift in Sources */,
				9A2B372F1E98EDBB00AB0B4C /* AppDelegate.swift in Sources */,
			);
			runOnlyForDeploymentPostprocessing = 0;
		};
		9A2B373E1E98EDBB00AB0B4C /* Sources */ = {
			isa = PBXSourcesBuildPhase;
			buildActionMask = 2147483647;
			files = (
				9A2B37471E98EDBB00AB0B4C /* hellovaultTests.swift in Sources */,
			);
			runOnlyForDeploymentPostprocessing = 0;
		};
		9A2B37491E98EDBB00AB0B4C /* Sources */ = {
			isa = PBXSourcesBuildPhase;
			buildActionMask = 2147483647;
			files = (
				9A2B37521E98EDBB00AB0B4C /* hellovaultUITests.swift in Sources */,
			);
			runOnlyForDeploymentPostprocessing = 0;
		};
/* End PBXSourcesBuildPhase section */

/* Begin PBXTargetDependency section */
		9A2B37441E98EDBB00AB0B4C /* PBXTargetDependency */ = {
			isa = PBXTargetDependency;
			target = 9A2B372A1E98EDBB00AB0B4C /* hellovault */;
			targetProxy = 9A2B37431E98EDBB00AB0B4C /* PBXContainerItemProxy */;
		};
		9A2B374F1E98EDBB00AB0B4C /* PBXTargetDependency */ = {
			isa = PBXTargetDependency;
			target = 9A2B372A1E98EDBB00AB0B4C /* hellovault */;
			targetProxy = 9A2B374E1E98EDBB00AB0B4C /* PBXContainerItemProxy */;
		};
/* End PBXTargetDependency section */

/* Begin PBXVariantGroup section */
		9A2B37321E98EDBB00AB0B4C /* Main.storyboard */ = {
			isa = PBXVariantGroup;
			children = (
				9A2B37331E98EDBB00AB0B4C /* Base */,
			);
			name = Main.storyboard;
			sourceTree = "<group>";
		};
		9A2B373A1E98EDBB00AB0B4C /* LaunchScreen.storyboard */ = {
			isa = PBXVariantGroup;
			children = (
				9A2B373B1E98EDBB00AB0B4C /* Base */,
			);
			name = LaunchScreen.storyboard;
			sourceTree = "<group>";
		};
/* End PBXVariantGroup section */

/* Begin XCBuildConfiguration section */
		9A2B37541E98EDBB00AB0B4C /* Debug */ = {
			isa = XCBuildConfiguration;
			buildSettings = {
				ALWAYS_SEARCH_USER_PATHS = NO;
				CLANG_ANALYZER_NONNULL = YES;
				CLANG_ANALYZER_NUMBER_OBJECT_CONVERSION = YES_AGGRESSIVE;
				CLANG_CXX_LANGUAGE_STANDARD = "gnu++0x";
				CLANG_CXX_LIBRARY = "libc++";
				CLANG_ENABLE_MODULES = YES;
				CLANG_ENABLE_OBJC_ARC = YES;
				CLANG_WARN_BOOL_CONVERSION = YES;
				CLANG_WARN_CONSTANT_CONVERSION = YES;
				CLANG_WARN_DIRECT_OBJC_ISA_USAGE = YES_ERROR;
				CLANG_WARN_DOCUMENTATION_COMMENTS = YES;
				CLANG_WARN_EMPTY_BODY = YES;
				CLANG_WARN_ENUM_CONVERSION = YES;
				CLANG_WARN_INFINITE_RECURSION = YES;
				CLANG_WARN_INT_CONVERSION = YES;
				CLANG_WARN_OBJC_ROOT_CLASS = YES_ERROR;
				CLANG_WARN_SUSPICIOUS_MOVE = YES;
				CLANG_WARN_UNREACHABLE_CODE = YES;
				CLANG_WARN__DUPLICATE_METHOD_MATCH = YES;
				"CODE_SIGN_IDENTITY[sdk=iphoneos*]" = "iPhone Developer";
				COPY_PHASE_STRIP = NO;
				DEBUG_INFORMATION_FORMAT = dwarf;
				ENABLE_STRICT_OBJC_MSGSEND = YES;
				ENABLE_TESTABILITY = YES;
				GCC_C_LANGUAGE_STANDARD = gnu99;
				GCC_DYNAMIC_NO_PIC = NO;
				GCC_NO_COMMON_BLOCKS = YES;
				GCC_OPTIMIZATION_LEVEL = 0;
				GCC_PREPROCESSOR_DEFINITIONS = (
					"DEBUG=1",
					"$(inherited)",
				);
				GCC_WARN_64_TO_32_BIT_CONVERSION = YES;
				GCC_WARN_ABOUT_RETURN_TYPE = YES_ERROR;
				GCC_WARN_UNDECLARED_SELECTOR = YES;
				GCC_WARN_UNINITIALIZED_AUTOS = YES_AGGRESSIVE;
				GCC_WARN_UNUSED_FUNCTION = YES;
				GCC_WARN_UNUSED_VARIABLE = YES;
				IPHONEOS_DEPLOYMENT_TARGET = 10.3;
				MTL_ENABLE_DEBUG_INFO = YES;
				ONLY_ACTIVE_ARCH = YES;
				SDKROOT = iphoneos;
				SWIFT_ACTIVE_COMPILATION_CONDITIONS = DEBUG;
				SWIFT_OPTIMIZATION_LEVEL = "-Onone";
			};
			name = Debug;
		};
		9A2B37551E98EDBB00AB0B4C /* Release */ = {
			isa = XCBuildConfiguration;
			buildSettings = {
				ALWAYS_SEARCH_USER_PATHS = NO;
				CLANG_ANALYZER_NONNULL = YES;
				CLANG_ANALYZER_NUMBER_OBJECT_CONVERSION = YES_AGGRESSIVE;
				CLANG_CXX_LANGUAGE_STANDARD = "gnu++0x";
				CLANG_CXX_LIBRARY = "libc++";
				CLANG_ENABLE_MODULES = YES;
				CLANG_ENABLE_OBJC_ARC = YES;
				CLANG_WARN_BOOL_CONVERSION = YES;
				CLANG_WARN_CONSTANT_CONVERSION = YES;
				CLANG_WARN_DIRECT_OBJC_ISA_USAGE = YES_ERROR;
				CLANG_WARN_DOCUMENTATION_COMMENTS = YES;
				CLANG_WARN_EMPTY_BODY = YES;
				CLANG_WARN_ENUM_CONVERSION = YES;
				CLANG_WARN_INFINITE_RECURSION = YES;
				CLANG_WARN_INT_CONVERSION = YES;
				CLANG_WARN_OBJC_ROOT_CLASS = YES_ERROR;
				CLANG_WARN_SUSPICIOUS_MOVE = YES;
				CLANG_WARN_UNREACHABLE_CODE = YES;
				CLANG_WARN__DUPLICATE_METHOD_MATCH = YES;
				"CODE_SIGN_IDENTITY[sdk=iphoneos*]" = "iPhone Developer";
				COPY_PHASE_STRIP = NO;
				DEBUG_INFORMATION_FORMAT = "dwarf-with-dsym";
				ENABLE_NS_ASSERTIONS = NO;
				ENABLE_STRICT_OBJC_MSGSEND = YES;
				GCC_C_LANGUAGE_STANDARD = gnu99;
				GCC_NO_COMMON_BLOCKS = YES;
				GCC_WARN_64_TO_32_BIT_CONVERSION = YES;
				GCC_WARN_ABOUT_RETURN_TYPE = YES_ERROR;
				GCC_WARN_UNDECLARED_SELECTOR = YES;
				GCC_WARN_UNINITIALIZED_AUTOS = YES_AGGRESSIVE;
				GCC_WARN_UNUSED_FUNCTION = YES;
				GCC_WARN_UNUSED_VARIABLE = YES;
				IPHONEOS_DEPLOYMENT_TARGET = 10.3;
				MTL_ENABLE_DEBUG_INFO = NO;
				SDKROOT = iphoneos;
				SWIFT_OPTIMIZATION_LEVEL = "-Owholemodule";
				VALIDATE_PRODUCT = YES;
			};
			name = Release;
		};
		9A2B37571E98EDBB00AB0B4C /* Debug */ = {
			isa = XCBuildConfiguration;
			buildSettings = {
				ASSETCATALOG_COMPILER_APPICON_NAME = AppIcon;
				DEVELOPMENT_TEAM = 987EBP9242;
				INFOPLIST_FILE = hellovault/Info.plist;
				LD_RUNPATH_SEARCH_PATHS = "$(inherited) @executable_path/Frameworks";
				PRODUCT_BUNDLE_IDENTIFIER = scot.vichar.hellovault;
				PRODUCT_NAME = "$(TARGET_NAME)";
				SWIFT_VERSION = 3.0;
			};
			name = Debug;
		};
		9A2B37581E98EDBB00AB0B4C /* Release */ = {
			isa = XCBuildConfiguration;
			buildSettings = {
				ASSETCATALOG_COMPILER_APPICON_NAME = AppIcon;
				DEVELOPMENT_TEAM = 987EBP9242;
				INFOPLIST_FILE = hellovault/Info.plist;
				LD_RUNPATH_SEARCH_PATHS = "$(inherited) @executable_path/Frameworks";
				PRODUCT_BUNDLE_IDENTIFIER = scot.vichar.hellovault;
				PRODUCT_NAME = "$(TARGET_NAME)";
				SWIFT_VERSION = 3.0;
			};
			name = Release;
		};
		9A2B375A1E98EDBB00AB0B4C /* Debug */ = {
			isa = XCBuildConfiguration;
			buildSettings = {
				ALWAYS_EMBED_SWIFT_STANDARD_LIBRARIES = YES;
				BUNDLE_LOADER = "$(TEST_HOST)";
				DEVELOPMENT_TEAM = 987EBP9242;
				INFOPLIST_FILE = hellovaultTests/Info.plist;
				LD_RUNPATH_SEARCH_PATHS = "$(inherited) @executable_path/Frameworks @loader_path/Frameworks";
				PRODUCT_BUNDLE_IDENTIFIER = scot.vichar.hellovaultTests;
				PRODUCT_NAME = "$(TARGET_NAME)";
				SWIFT_VERSION = 3.0;
				TEST_HOST = "$(BUILT_PRODUCTS_DIR)/hellovault.app/hellovault";
			};
			name = Debug;
		};
		9A2B375B1E98EDBB00AB0B4C /* Release */ = {
			isa = XCBuildConfiguration;
			buildSettings = {
				ALWAYS_EMBED_SWIFT_STANDARD_LIBRARIES = YES;
				BUNDLE_LOADER = "$(TEST_HOST)";
				DEVELOPMENT_TEAM = 987EBP9242;
				INFOPLIST_FILE = hellovaultTests/Info.plist;
				LD_RUNPATH_SEARCH_PATHS = "$(inherited) @executable_path/Frameworks @loader_path/Frameworks";
				PRODUCT_BUNDLE_IDENTIFIER = scot.vichar.hellovaultTests;
				PRODUCT_NAME = "$(TARGET_NAME)";
				SWIFT_VERSION = 3.0;
				TEST_HOST = "$(BUILT_PRODUCTS_DIR)/hellovault.app/hellovault";
			};
			name = Release;
		};
		9A2B375D1E98EDBB00AB0B4C /* Debug */ = {
			isa = XCBuildConfiguration;
			buildSettings = {
				ALWAYS_EMBED_SWIFT_STANDARD_LIBRARIES = YES;
				DEVELOPMENT_TEAM = 987EBP9242;
				INFOPLIST_FILE = hellovaultUITests/Info.plist;
				LD_RUNPATH_SEARCH_PATHS = "$(inherited) @executable_path/Frameworks @loader_path/Frameworks";
				PRODUCT_BUNDLE_IDENTIFIER = scot.vichar.hellovaultUITests;
				PRODUCT_NAME = "$(TARGET_NAME)";
				SWIFT_VERSION = 3.0;
				TEST_TARGET_NAME = hellovault;
			};
			name = Debug;
		};
		9A2B375E1E98EDBB00AB0B4C /* Release */ = {
			isa = XCBuildConfiguration;
			buildSettings = {
				ALWAYS_EMBED_SWIFT_STANDARD_LIBRARIES = YES;
				DEVELOPMENT_TEAM = 987EBP9242;
				INFOPLIST_FILE = hellovaultUITests/Info.plist;
				LD_RUNPATH_SEARCH_PATHS = "$(inherited) @executable_path/Frameworks @loader_path/Frameworks";
				PRODUCT_BUNDLE_IDENTIFIER = scot.vichar.hellovaultUITests;
				PRODUCT_NAME = "$(TARGET_NAME)";
				SWIFT_VERSION = 3.0;
				TEST_TARGET_NAME = hellovault;
			};
			name = Release;
		};
/* End XCBuildConfiguration section */

/* Begin XCConfigurationList section */
		9A2B37261E98EDBB00AB0B4C /* Build configuration list for PBXProject "hellovault" */ = {
			isa = XCConfigurationList;
			buildConfigurations = (
				9A2B37541E98EDBB00AB0B4C /* Debug */,
				9A2B37551E98EDBB00AB0B4C /* Release */,
			);
			defaultConfigurationIsVisible = 0;
			defaultConfigurationName = Release;
		};
		9A2B37561E98EDBB00AB0B4C /* Build configuration list for PBXNativeTarget "hellovault" */ = {
			isa = XCConfigurationList;
			buildConfigurations = (
				9A2B37571E98EDBB00AB0B4C /* Debug */,
				9A2B37581E98EDBB00AB0B4C /* Release */,
			);
			defaultConfigurationIsVisible = 0;
		};
		9A2B37591E98EDBB00AB0B4C /* Build configuration list for PBXNativeTarget "hellovaultTests" */ = {
			isa = XCConfigurationList;
			buildConfigurations = (
				9A2B375A1E98EDBB00AB0B4C /* Debug */,
				9A2B375B1E98EDBB00AB0B4C /* Release */,
			);
			defaultConfigurationIsVisible = 0;
		};
		9A2B375C1E98EDBB00AB0B4C /* Build configuration list for PBXNativeTarget "hellovaultUITests" */ = {
			isa = XCConfigurationList;
			buildConfigurations = (
				9A2B375D1E98EDBB00AB0B4C /* Debug */,
				9A2B375E1E98EDBB00AB0B4C /* Release */,
			);
			defaultConfigurationIsVisible = 0;
		};
/* End XCConfigurationList section */

/* Begin XCVersionGroup section */
		9A2B37351E98EDBB00AB0B4C /* hellovault.xcdatamodeld */ = {
			isa = XCVersionGroup;
			children = (
				9A2B37361E98EDBB00AB0B4C /* hellovault.xcdatamodel */,
			);
			currentVersion = 9A2B37361E98EDBB00AB0B4C /* hellovault.xcdatamodel */;
			path = hellovault.xcdatamodeld;
			sourceTree = "<group>";
			versionGroupType = wrapper.xcdatamodel;
		};
/* End XCVersionGroup section */
	};
	rootObject = 9A2B37231E98EDBB00AB0B4C /* Project object */;
}
